{
  "version": 4,
  "terraform_version": "0.15.3",
  "serial": 7,
  "lineage": "5b78a34b-aacb-32bb-c248-a2d18fd84352",
  "outputs": {},
  "resources": [
    {
      "mode": "managed",
      "type": "mssql_database",
      "name": "server",
      "provider": "provider[\"registry.terraform.io/embracesbs/mssql\"]",
      "instances": [
        {
          "schema_version": 0,
          "attributes": {
            "collation": "SQL_Latin1_General_CP1_CI_AS",
            "id": "8",
            "is_read_only": false,
            "name": "SARASA2",
            "owner_sid": "\u0001",
            "recovery_mode": "FULL"
          },
          "sensitive_attributes": [],
          "private": "bnVsbA=="
        }
      ]
    },
    {
      "mode": "managed",
      "type": "mssql_login",
      "name": "server",
      "provider": "provider[\"registry.terraform.io/embracesbs/mssql\"]",
      "instances": [
        {
          "schema_version": 0,
          "attributes": {
            "id": "pepito",
            "is_disabled": null,
            "login_type": "SQL_LOGIN",
            "name": "pepito",
            "password": "pistolero",
            "sid": "���W��oB�՗�T\u0018\u0002�"
          },
          "sensitive_attributes": [],
          "private": "bnVsbA=="
        }
      ]
    },
    {
      "mode": "managed",
      "type": "mssql_rolemapping",
      "name": "server",
      "provider": "provider[\"registry.terraform.io/embracesbs/mssql\"]",
      "instances": [
        {
          "schema_version": 0,
          "attributes": {
            "database": "SARASA2",
            "id": "pepitoSARASA2db_owner",
            "role": "db_owner",
            "user": "pepito"
          },
          "sensitive_attributes": [],
          "private": "bnVsbA==",
          "dependencies": [
            "mssql_user.server"
          ]
        }
      ]
    },
    {
      "mode": "managed",
      "type": "mssql_user",
      "name": "server",
      "provider": "provider[\"registry.terraform.io/embracesbs/mssql\"]",
      "instances": [
        {
          "schema_version": 0,
          "attributes": {
            "database": "SARASA2",
            "id": "pepito",
            "name": "pepito"
          },
          "sensitive_attributes": [],
          "private": "bnVsbA==",
          "dependencies": [
            "mssql_login.server",
            "mssql_database.server"
          ]
        }
      ]
    }
  ]
}
